
Microsoft Visual Studio Solution File, Format Version 12.00
# Visual Studio Version 17
VisualStudioVersion = 17.2.32616.157
MinimumVisualStudioVersion = 10.0.40219.1
Project("{FAE04EC0-301F-11D3-BF4B-00C04F79EFBC}") = "unit-testing-using-nunit1", "unit-testing-using-nunit1\unit-testing-using-nunit1.csproj", "{559B8416-9AE1-4269-BA81-2E4ED7F43E88}"
EndProject
Global
	GlobalSection(SolutionConfigurationPlatforms) = preSolution
		Debug|Any CPU = Debug|Any CPU
		Release|Any CPU = Release|Any CPU
	EndGlobalSection
	GlobalSection(ProjectConfigurationPlatforms) = postSolution
		{559B8416-9AE1-4269-BA81-2E4ED7F43E88}.Debug|Any CPU.ActiveCfg = Debug|Any CPU
		{559B8416-9AE1-4269-BA81-2E4ED7F43E88}.Debug|Any CPU.Build.0 = Debug|Any CPU
		{559B8416-9AE1-4269-BA81-2E4ED7F43E88}.Release|Any CPU.ActiveCfg = Release|Any CPU
		{559B8416-9AE1-4269-BA81-2E4ED7F43E88}.Release|Any CPU.Build.0 = Release|Any CPU
	EndGlobalSection
	GlobalSection(SolutionProperties) = preSolution
		HideSolutionNode = FALSE
	EndGlobalSection
	GlobalSection(ExtensibilityGlobals) = postSolution
		SolutionGuid = {A453CB12-9151-478B-8F14-0996EE509A1E}
	EndGlobalSection
EndGlobal
